
Microsoft Visual Studio Solution File, Format Version 12.00
# Visual Studio Version 16
VisualStudioVersion = 16.0.31105.61
MinimumVisualStudioVersion = 10.0.40219.1
Project("{9A19103F-16F7-4668-BE54-9A1E7A4F7556}") = "ЛР6", "ЛР6.csproj", "{17EA5F93-7B4E-4416-9189-305F9EF56B46}"
EndProject
Global
	GlobalSection(SolutionConfigurationPlatforms) = preSolution
		Debug|Any CPU = Debug|Any CPU
		Release|Any CPU = Release|Any CPU
	EndGlobalSection
	GlobalSection(ProjectConfigurationPlatforms) = postSolution
		{17EA5F93-7B4E-4416-9189-305F9EF56B46}.Debug|Any CPU.ActiveCfg = Debug|Any CPU
		{17EA5F93-7B4E-4416-9189-305F9EF56B46}.Debug|Any CPU.Build.0 = Debug|Any CPU
		{17EA5F93-7B4E-4416-9189-305F9EF56B46}.Release|Any CPU.ActiveCfg = Release|Any CPU
		{17EA5F93-7B4E-4416-9189-305F9EF56B46}.Release|Any CPU.Build.0 = Release|Any CPU
	EndGlobalSection
	GlobalSection(SolutionProperties) = preSolution
		HideSolutionNode = FALSE
	EndGlobalSection
	GlobalSection(ExtensibilityGlobals) = postSolution
		SolutionGuid = {13043D31-9901-4475-9DAA-8AF14132E779}
	EndGlobalSection
EndGlobal
